
Microsoft Visual Studio Solution File, Format Version 12.00
# Visual Studio 14
VisualStudioVersion = 14.0.23107.0
MinimumVisualStudioVersion = 10.0.40219.1
Project("{FAE04EC0-301F-11D3-BF4B-00C04F79EFBC}") = "TempDataForWebForms", "TempDataForWebForms\TempDataForWebForms.csproj", "{A1C65C58-178D-4A61-89F4-3894C226A3CA}"
EndProject
Project("{FAE04EC0-301F-11D3-BF4B-00C04F79EFBC}") = "TempDataForWebForms.Tests", "TempDataForWebForms.Tests\TempDataForWebForms.Tests.csproj", "{DA810210-4C59-448C-A256-457665C5F5CE}"
EndProject
Project("{FAE04EC0-301F-11D3-BF4B-00C04F79EFBC}") = "TempDataForWebForms.SampleApp", "TempDataForWebForms.SampleApp\TempDataForWebForms.SampleApp.csproj", "{ADC4F0CA-61B3-4343-8A3D-1DDE887899ED}"
EndProject
Global
	GlobalSection(SolutionConfigurationPlatforms) = preSolution
		Debug|Any CPU = Debug|Any CPU
		Release|Any CPU = Release|Any CPU
	EndGlobalSection
	GlobalSection(ProjectConfigurationPlatforms) = postSolution
		{A1C65C58-178D-4A61-89F4-3894C226A3CA}.Debug|Any CPU.ActiveCfg = Debug|Any CPU
		{A1C65C58-178D-4A61-89F4-3894C226A3CA}.Debug|Any CPU.Build.0 = Debug|Any CPU
		{A1C65C58-178D-4A61-89F4-3894C226A3CA}.Release|Any CPU.ActiveCfg = Release|Any CPU
		{A1C65C58-178D-4A61-89F4-3894C226A3CA}.Release|Any CPU.Build.0 = Release|Any CPU
		{DA810210-4C59-448C-A256-457665C5F5CE}.Debug|Any CPU.ActiveCfg = Debug|Any CPU
		{DA810210-4C59-448C-A256-457665C5F5CE}.Debug|Any CPU.Build.0 = Debug|Any CPU
		{DA810210-4C59-448C-A256-457665C5F5CE}.Release|Any CPU.ActiveCfg = Release|Any CPU
		{DA810210-4C59-448C-A256-457665C5F5CE}.Release|Any CPU.Build.0 = Release|Any CPU
		{ADC4F0CA-61B3-4343-8A3D-1DDE887899ED}.Debug|Any CPU.ActiveCfg = Debug|Any CPU
		{ADC4F0CA-61B3-4343-8A3D-1DDE887899ED}.Debug|Any CPU.Build.0 = Debug|Any CPU
		{ADC4F0CA-61B3-4343-8A3D-1DDE887899ED}.Release|Any CPU.ActiveCfg = Release|Any CPU
		{ADC4F0CA-61B3-4343-8A3D-1DDE887899ED}.Release|Any CPU.Build.0 = Release|Any CPU
	EndGlobalSection
	GlobalSection(SolutionProperties) = preSolution
		HideSolutionNode = FALSE
	EndGlobalSection
EndGlobal
